
Microsoft Visual Studio Solution File, Format Version 12.00
Project("{FAE04EC0-301F-11D3-BF4B-00C04F79EFBC}") = "Task1", "Task1\Task1.csproj", "{1B69C8EB-DFF2-42DC-9A0C-66B3BAC21BD4}"
EndProject
Project("{FAE04EC0-301F-11D3-BF4B-00C04F79EFBC}") = "Task2", "Task2\Task2.csproj", "{8DB38205-62C7-48A3-A4EB-0580959C8239}"
EndProject
Project("{FAE04EC0-301F-11D3-BF4B-00C04F79EFBC}") = "Task3", "Task3\Task3.csproj", "{EB477B20-6866-4208-A23E-DD769E4E5309}"
EndProject
Project("{FAE04EC0-301F-11D3-BF4B-00C04F79EFBC}") = "Task4", "Task4\Task4.csproj", "{B46F4539-75FC-4AC2-A21D-DF5DA0FB6453}"
EndProject
Project("{FAE04EC0-301F-11D3-BF4B-00C04F79EFBC}") = "Task5", "Task5\Task5.csproj", "{76906F63-9431-4C53-A845-DD8FE3390AB8}"
EndProject
Global
	GlobalSection(SolutionConfigurationPlatforms) = preSolution
		Debug|Any CPU = Debug|Any CPU
		Release|Any CPU = Release|Any CPU
	EndGlobalSection
	GlobalSection(ProjectConfigurationPlatforms) = postSolution
		{1B69C8EB-DFF2-42DC-9A0C-66B3BAC21BD4}.Debug|Any CPU.ActiveCfg = Debug|Any CPU
		{1B69C8EB-DFF2-42DC-9A0C-66B3BAC21BD4}.Debug|Any CPU.Build.0 = Debug|Any CPU
		{1B69C8EB-DFF2-42DC-9A0C-66B3BAC21BD4}.Release|Any CPU.ActiveCfg = Release|Any CPU
		{1B69C8EB-DFF2-42DC-9A0C-66B3BAC21BD4}.Release|Any CPU.Build.0 = Release|Any CPU
		{8DB38205-62C7-48A3-A4EB-0580959C8239}.Debug|Any CPU.ActiveCfg = Debug|Any CPU
		{8DB38205-62C7-48A3-A4EB-0580959C8239}.Debug|Any CPU.Build.0 = Debug|Any CPU
		{8DB38205-62C7-48A3-A4EB-0580959C8239}.Release|Any CPU.ActiveCfg = Release|Any CPU
		{8DB38205-62C7-48A3-A4EB-0580959C8239}.Release|Any CPU.Build.0 = Release|Any CPU
		{EB477B20-6866-4208-A23E-DD769E4E5309}.Debug|Any CPU.ActiveCfg = Debug|Any CPU
		{EB477B20-6866-4208-A23E-DD769E4E5309}.Debug|Any CPU.Build.0 = Debug|Any CPU
		{EB477B20-6866-4208-A23E-DD769E4E5309}.Release|Any CPU.ActiveCfg = Release|Any CPU
		{EB477B20-6866-4208-A23E-DD769E4E5309}.Release|Any CPU.Build.0 = Release|Any CPU
		{B46F4539-75FC-4AC2-A21D-DF5DA0FB6453}.Debug|Any CPU.ActiveCfg = Debug|Any CPU
		{B46F4539-75FC-4AC2-A21D-DF5DA0FB6453}.Debug|Any CPU.Build.0 = Debug|Any CPU
		{B46F4539-75FC-4AC2-A21D-DF5DA0FB6453}.Release|Any CPU.ActiveCfg = Release|Any CPU
		{B46F4539-75FC-4AC2-A21D-DF5DA0FB6453}.Release|Any CPU.Build.0 = Release|Any CPU
		{76906F63-9431-4C53-A845-DD8FE3390AB8}.Debug|Any CPU.ActiveCfg = Debug|Any CPU
		{76906F63-9431-4C53-A845-DD8FE3390AB8}.Debug|Any CPU.Build.0 = Debug|Any CPU
		{76906F63-9431-4C53-A845-DD8FE3390AB8}.Release|Any CPU.ActiveCfg = Release|Any CPU
		{76906F63-9431-4C53-A845-DD8FE3390AB8}.Release|Any CPU.Build.0 = Release|Any CPU
	EndGlobalSection
EndGlobal
